// !$*UTF8*$!
{
	archiveVersion = 1;
	classes = {
	};
	objectVersion = 46;
	objects = {

/* Begin PBXBuildFile section */
		74BEC26D165ED4120007763D /* Foundation.framework in Frameworks */ = {isa = PBXBuildFile; fileRef = 74BEC26C165ED4120007763D /* Foundation.framework */; };
		74BEC27D165ED4840007763D /* UIImage+D12_SecondaryBundleCacheSupport.m in Sources */ = {isa = PBXBuildFile; fileRef = 74BEC27C165ED4840007763D /* UIImage+D12_SecondaryBundleCacheSupport.m */; };
		74BEC285165EE4FD0007763D /* SenTestingKit.framework in Frameworks */ = {isa = PBXBuildFile; fileRef = 74BEC284165EE4FD0007763D /* SenTestingKit.framework */; };
		74BEC287165EE4FD0007763D /* UIKit.framework in Frameworks */ = {isa = PBXBuildFile; fileRef = 74BEC286165EE4FD0007763D /* UIKit.framework */; };
		74BEC288165EE4FD0007763D /* Foundation.framework in Frameworks */ = {isa = PBXBuildFile; fileRef = 74BEC26C165ED4120007763D /* Foundation.framework */; };
		74BEC28E165EE4FD0007763D /* InfoPlist.strings in Resources */ = {isa = PBXBuildFile; fileRef = 74BEC28C165EE4FD0007763D /* InfoPlist.strings */; };
		74BEC291165EE4FD0007763D /* Cacheing_Tests.m in Sources */ = {isa = PBXBuildFile; fileRef = 74BEC290165EE4FD0007763D /* Cacheing_Tests.m */; };
		74BEC298165EE9B40007763D /* UIImage+D12_SecondaryBundleCacheSupport.m in Sources */ = {isa = PBXBuildFile; fileRef = 74BEC27C165ED4840007763D /* UIImage+D12_SecondaryBundleCacheSupport.m */; };
		74ED324016611045002F3B2D /* UIImage+D12_SecondaryBundleCacheSupport.h in CopyFiles */ = {isa = PBXBuildFile; fileRef = 74BEC27B165ED4840007763D /* UIImage+D12_SecondaryBundleCacheSupport.h */; };
		74ED324F16629046002F3B2D /* InfoPlist.strings in Resources */ = {isa = PBXBuildFile; fileRef = 74ED324D16629046002F3B2D /* InfoPlist.strings */; };
		74ED325416629067002F3B2D /* Font Book.tiff in Resources */ = {isa = PBXBuildFile; fileRef = 74BEC296165EE5B60007763D /* Font Book.tiff */; };
		74ED32571662911D002F3B2D /* Dummy Bundle.bundle in Resources */ = {isa = PBXBuildFile; fileRef = 74ED324716629046002F3B2D /* Dummy Bundle.bundle */; };
/* End PBXBuildFile section */

/* Begin PBXContainerItemProxy section */
		74ED3255166290F8002F3B2D /* PBXContainerItemProxy */ = {
			isa = PBXContainerItemProxy;
			containerPortal = 74BEC260165ED4120007763D /* Project object */;
			proxyType = 1;
			remoteGlobalIDString = 74ED324616629046002F3B2D;
			remoteInfo = "Dummy Bundle";
		};
/* End PBXContainerItemProxy section */

/* Begin PBXCopyFilesBuildPhase section */
		74BEC267165ED4120007763D /* CopyFiles */ = {
			isa = PBXCopyFilesBuildPhase;
			buildActionMask = 2147483647;
			dstPath = "include/${PRODUCT_NAME}";
			dstSubfolderSpec = 16;
			files = (
				74ED324016611045002F3B2D /* UIImage+D12_SecondaryBundleCacheSupport.h in CopyFiles */,
			);
			runOnlyForDeploymentPostprocessing = 0;
		};
/* End PBXCopyFilesBuildPhase section */

/* Begin PBXFileReference section */
		74BEC269165ED4120007763D /* libCachedImage.a */ = {isa = PBXFileReference; explicitFileType = archive.ar; includeInIndex = 0; path = libCachedImage.a; sourceTree = BUILT_PRODUCTS_DIR; };
		74BEC26C165ED4120007763D /* Foundation.framework */ = {isa = PBXFileReference; lastKnownFileType = wrapper.framework; name = Foundation.framework; path = System/Library/Frameworks/Foundation.framework; sourceTree = SDKROOT; };
		74BEC270165ED4120007763D /* CachedImage-Prefix.pch */ = {isa = PBXFileReference; lastKnownFileType = sourcecode.c.h; path = "CachedImage-Prefix.pch"; sourceTree = "<group>"; };
		74BEC27B165ED4840007763D /* UIImage+D12_SecondaryBundleCacheSupport.h */ = {isa = PBXFileReference; fileEncoding = 4; lastKnownFileType = sourcecode.c.h; path = "UIImage+D12_SecondaryBundleCacheSupport.h"; sourceTree = "<group>"; };
		74BEC27C165ED4840007763D /* UIImage+D12_SecondaryBundleCacheSupport.m */ = {isa = PBXFileReference; fileEncoding = 4; lastKnownFileType = sourcecode.c.objc; path = "UIImage+D12_SecondaryBundleCacheSupport.m"; sourceTree = "<group>"; };
		74BEC283165EE4FD0007763D /* Cacheing Tests.octest */ = {isa = PBXFileReference; explicitFileType = wrapper.cfbundle; includeInIndex = 0; path = "Cacheing Tests.octest"; sourceTree = BUILT_PRODUCTS_DIR; };
		74BEC284165EE4FD0007763D /* SenTestingKit.framework */ = {isa = PBXFileReference; lastKnownFileType = wrapper.framework; name = SenTestingKit.framework; path = Library/Frameworks/SenTestingKit.framework; sourceTree = DEVELOPER_DIR; };
		74BEC286165EE4FD0007763D /* UIKit.framework */ = {isa = PBXFileReference; lastKnownFileType = wrapper.framework; name = UIKit.framework; path = Library/Frameworks/UIKit.framework; sourceTree = DEVELOPER_DIR; };
		74BEC28B165EE4FD0007763D /* Cacheing Tests-Info.plist */ = {isa = PBXFileReference; lastKnownFileType = text.plist.xml; path = "Cacheing Tests-Info.plist"; sourceTree = "<group>"; };
		74BEC28D165EE4FD0007763D /* en */ = {isa = PBXFileReference; lastKnownFileType = text.plist.strings; name = en; path = en.lproj/InfoPlist.strings; sourceTree = "<group>"; };
		74BEC28F165EE4FD0007763D /* Cacheing_Tests.h */ = {isa = PBXFileReference; lastKnownFileType = sourcecode.c.h; path = Cacheing_Tests.h; sourceTree = "<group>"; };
		74BEC290165EE4FD0007763D /* Cacheing_Tests.m */ = {isa = PBXFileReference; lastKnownFileType = sourcecode.c.objc; path = Cacheing_Tests.m; sourceTree = "<group>"; };
		74BEC292165EE4FD0007763D /* Cacheing Tests-Prefix.pch */ = {isa = PBXFileReference; lastKnownFileType = sourcecode.c.h; path = "Cacheing Tests-Prefix.pch"; sourceTree = "<group>"; };
		74BEC296165EE5B60007763D /* Font Book.tiff */ = {isa = PBXFileReference; lastKnownFileType = image.tiff; path = "Font Book.tiff"; sourceTree = "<group>"; };
		74ED3242166110E3002F3B2D /* README.md */ = {isa = PBXFileReference; fileEncoding = 4; lastKnownFileType = text; path = README.md; sourceTree = "<group>"; };
		74ED324716629046002F3B2D /* Dummy Bundle.bundle */ = {isa = PBXFileReference; explicitFileType = wrapper.cfbundle; includeInIndex = 0; path = "Dummy Bundle.bundle"; sourceTree = BUILT_PRODUCTS_DIR; };
		74ED324816629046002F3B2D /* CoreFoundation.framework */ = {isa = PBXFileReference; lastKnownFileType = wrapper.framework; name = CoreFoundation.framework; path = System/Library/Frameworks/CoreFoundation.framework; sourceTree = SDKROOT; };
		74ED324C16629046002F3B2D /* Dummy Bundle-Info.plist */ = {isa = PBXFileReference; lastKnownFileType = text.plist.xml; path = "Dummy Bundle-Info.plist"; sourceTree = "<group>"; };
		74ED324E16629046002F3B2D /* en */ = {isa = PBXFileReference; lastKnownFileType = text.plist.strings; name = en; path = en.lproj/InfoPlist.strings; sourceTree = "<group>"; };
		74ED325016629046002F3B2D /* Dummy Bundle-Prefix.pch */ = {isa = PBXFileReference; lastKnownFileType = sourcecode.c.h; path = "Dummy Bundle-Prefix.pch"; sourceTree = "<group>"; };
/* End PBXFileReference section */

/* Begin PBXFrameworksBuildPhase section */
		74BEC266165ED4120007763D /* Frameworks */ = {
			isa = PBXFrameworksBuildPhase;
			buildActionMask = 2147483647;
			files = (
				74BEC26D165ED4120007763D /* Foundation.framework in Frameworks */,
			);
			runOnlyForDeploymentPostprocessing = 0;
		};
		74BEC27F165EE4FD0007763D /* Frameworks */ = {
			isa = PBXFrameworksBuildPhase;
			buildActionMask = 2147483647;
			files = (
				74BEC285165EE4FD0007763D /* SenTestingKit.framework in Frameworks */,
				74BEC287165EE4FD0007763D /* UIKit.framework in Frameworks */,
				74BEC288165EE4FD0007763D /* Foundation.framework in Frameworks */,
			);
			runOnlyForDeploymentPostprocessing = 0;
		};
/* End PBXFrameworksBuildPhase section */

/* Begin PBXGroup section */
		74BEC25E165ED4120007763D = {
			isa = PBXGroup;
			children = (
				74BEC26E165ED4120007763D /* CachedImage */,
				74BEC289165EE4FD0007763D /* Cacheing Tests */,
				74ED324A16629046002F3B2D /* Dummy Bundle */,
				74BEC26B165ED4120007763D /* Frameworks */,
				74BEC26A165ED4120007763D /* Products */,
			);
			sourceTree = "<group>";
		};
		74BEC26A165ED4120007763D /* Products */ = {
			isa = PBXGroup;
			children = (
				74BEC269165ED4120007763D /* libCachedImage.a */,
				74BEC283165EE4FD0007763D /* Cacheing Tests.octest */,
				74ED324716629046002F3B2D /* Dummy Bundle.bundle */,
			);
			name = Products;
			sourceTree = "<group>";
		};
		74BEC26B165ED4120007763D /* Frameworks */ = {
			isa = PBXGroup;
			children = (
				74BEC26C165ED4120007763D /* Foundation.framework */,
				74BEC284165EE4FD0007763D /* SenTestingKit.framework */,
				74BEC286165EE4FD0007763D /* UIKit.framework */,
				74ED324816629046002F3B2D /* CoreFoundation.framework */,
			);
			name = Frameworks;
			sourceTree = "<group>";
		};
		74BEC26E165ED4120007763D /* CachedImage */ = {
			isa = PBXGroup;
			children = (
				74BEC27A165ED44F0007763D /* Source */,
				74BEC26F165ED4120007763D /* Supporting Files */,
			);
			path = CachedImage;
			sourceTree = "<group>";
		};
		74BEC26F165ED4120007763D /* Supporting Files */ = {
			isa = PBXGroup;
			children = (
				74BEC270165ED4120007763D /* CachedImage-Prefix.pch */,
				74ED3242166110E3002F3B2D /* README.md */,
			);
			name = "Supporting Files";
			sourceTree = "<group>";
		};
		74BEC27A165ED44F0007763D /* Source */ = {
			isa = PBXGroup;
			children = (
				74BEC27B165ED4840007763D /* UIImage+D12_SecondaryBundleCacheSupport.h */,
				74BEC27C165ED4840007763D /* UIImage+D12_SecondaryBundleCacheSupport.m */,
			);
			path = Source;
			sourceTree = "<group>";
		};
		74BEC289165EE4FD0007763D /* Cacheing Tests */ = {
			isa = PBXGroup;
			children = (
				74BEC28F165EE4FD0007763D /* Cacheing_Tests.h */,
				74BEC290165EE4FD0007763D /* Cacheing_Tests.m */,
				74BEC28A165EE4FD0007763D /* Supporting Files */,
			);
			path = "Cacheing Tests";
			sourceTree = "<group>";
		};
		74BEC28A165EE4FD0007763D /* Supporting Files */ = {
			isa = PBXGroup;
			children = (
				74BEC296165EE5B60007763D /* Font Book.tiff */,
				74BEC28B165EE4FD0007763D /* Cacheing Tests-Info.plist */,
				74BEC28C165EE4FD0007763D /* InfoPlist.strings */,
				74BEC292165EE4FD0007763D /* Cacheing Tests-Prefix.pch */,
			);
			name = "Supporting Files";
			sourceTree = "<group>";
		};
		74ED324A16629046002F3B2D /* Dummy Bundle */ = {
			isa = PBXGroup;
			children = (
				74ED324B16629046002F3B2D /* Supporting Files */,
			);
			path = "Dummy Bundle";
			sourceTree = "<group>";
		};
		74ED324B16629046002F3B2D /* Supporting Files */ = {
			isa = PBXGroup;
			children = (
				74ED324C16629046002F3B2D /* Dummy Bundle-Info.plist */,
				74ED324D16629046002F3B2D /* InfoPlist.strings */,
				74ED325016629046002F3B2D /* Dummy Bundle-Prefix.pch */,
			);
			name = "Supporting Files";
			sourceTree = "<group>";
		};
/* End PBXGroup section */

/* Begin PBXNativeTarget section */
		74BEC268165ED4120007763D /* CachedImage */ = {
			isa = PBXNativeTarget;
			buildConfigurationList = 74BEC277165ED4120007763D /* Build configuration list for PBXNativeTarget "CachedImage" */;
			buildPhases = (
				74BEC265165ED4120007763D /* Sources */,
				74BEC266165ED4120007763D /* Frameworks */,
				74BEC267165ED4120007763D /* CopyFiles */,
			);
			buildRules = (
			);
			dependencies = (
			);
			name = CachedImage;
			productName = CachedImage;
			productReference = 74BEC269165ED4120007763D /* libCachedImage.a */;
			productType = "com.apple.product-type.library.static";
		};
		74BEC282165EE4FD0007763D /* Cacheing Tests */ = {
			isa = PBXNativeTarget;
			buildConfigurationList = 74BEC293165EE4FD0007763D /* Build configuration list for PBXNativeTarget "Cacheing Tests" */;
			buildPhases = (
				74BEC27E165EE4FD0007763D /* Sources */,
				74BEC27F165EE4FD0007763D /* Frameworks */,
				74BEC280165EE4FD0007763D /* Resources */,
				74BEC281165EE4FD0007763D /* ShellScript */,
			);
			buildRules = (
			);
			dependencies = (
				74ED3256166290F8002F3B2D /* PBXTargetDependency */,
			);
			name = "Cacheing Tests";
			productName = "Cacheing Tests";
			productReference = 74BEC283165EE4FD0007763D /* Cacheing Tests.octest */;
			productType = "com.apple.product-type.bundle";
		};
		74ED324616629046002F3B2D /* Dummy Bundle */ = {
			isa = PBXNativeTarget;
			buildConfigurationList = 74ED325116629046002F3B2D /* Build configuration list for PBXNativeTarget "Dummy Bundle" */;
			buildPhases = (
				74ED324516629046002F3B2D /* Resources */,
			);
			buildRules = (
			);
			dependencies = (
			);
			name = "Dummy Bundle";
			productName = "Dummy Bundle";
			productReference = 74ED324716629046002F3B2D /* Dummy Bundle.bundle */;
			productType = "com.apple.product-type.bundle";
		};
/* End PBXNativeTarget section */

/* Begin PBXProject section */
		74BEC260165ED4120007763D /* Project object */ = {
			isa = PBXProject;
			attributes = {
				CLASSPREFIX = D12;
				LastUpgradeCheck = 0450;
				ORGANIZATIONNAME = "Daniel Demiss";
			};
			buildConfigurationList = 74BEC263165ED4120007763D /* Build configuration list for PBXProject "CachedImage" */;
			compatibilityVersion = "Xcode 3.2";
			developmentRegion = English;
			hasScannedForEncodings = 0;
			knownRegions = (
				en,
			);
			mainGroup = 74BEC25E165ED4120007763D;
			productRefGroup = 74BEC26A165ED4120007763D /* Products */;
			projectDirPath = "";
			projectRoot = "";
			targets = (
				74BEC268165ED4120007763D /* CachedImage */,
				74BEC282165EE4FD0007763D /* Cacheing Tests */,
				74ED324616629046002F3B2D /* Dummy Bundle */,
			);
		};
/* End PBXProject section */

/* Begin PBXResourcesBuildPhase section */
		74BEC280165EE4FD0007763D /* Resources */ = {
			isa = PBXResourcesBuildPhase;
			buildActionMask = 2147483647;
			files = (
				74BEC28E165EE4FD0007763D /* InfoPlist.strings in Resources */,
				74ED32571662911D002F3B2D /* Dummy Bundle.bundle in Resources */,
			);
			runOnlyForDeploymentPostprocessing = 0;
		};
		74ED324516629046002F3B2D /* Resources */ = {
			isa = PBXResourcesBuildPhase;
			buildActionMask = 2147483647;
			files = (
				74ED325416629067002F3B2D /* Font Book.tiff in Resources */,
				74ED324F16629046002F3B2D /* InfoPlist.strings in Resources */,
			);
			runOnlyForDeploymentPostprocessing = 0;
		};
/* End PBXResourcesBuildPhase section */

/* Begin PBXShellScriptBuildPhase section */
		74BEC281165EE4FD0007763D /* ShellScript */ = {
			isa = PBXShellScriptBuildPhase;
			buildActionMask = 2147483647;
			files = (
			);
			inputPaths = (
			);
			outputPaths = (
			);
			runOnlyForDeploymentPostprocessing = 0;
			shellPath = /bin/sh;
			shellScript = "# Run the unit tests in this test bundle.\n\"${SYSTEM_DEVELOPER_DIR}/Tools/RunUnitTests\"\n";
		};
/* End PBXShellScriptBuildPhase section */

/* Begin PBXSourcesBuildPhase section */
		74BEC265165ED4120007763D /* Sources */ = {
			isa = PBXSourcesBuildPhase;
			buildActionMask = 2147483647;
			files = (
				74BEC27D165ED4840007763D /* UIImage+D12_SecondaryBundleCacheSupport.m in Sources */,
			);
			runOnlyForDeploymentPostprocessing = 0;
		};
		74BEC27E165EE4FD0007763D /* Sources */ = {
			isa = PBXSourcesBuildPhase;
			buildActionMask = 2147483647;
			files = (
				74BEC291165EE4FD0007763D /* Cacheing_Tests.m in Sources */,
				74BEC298165EE9B40007763D /* UIImage+D12_SecondaryBundleCacheSupport.m in Sources */,
			);
			runOnlyForDeploymentPostprocessing = 0;
		};
/* End PBXSourcesBuildPhase section */

/* Begin PBXTargetDependency section */
		74ED3256166290F8002F3B2D /* PBXTargetDependency */ = {
			isa = PBXTargetDependency;
			target = 74ED324616629046002F3B2D /* Dummy Bundle */;
			targetProxy = 74ED3255166290F8002F3B2D /* PBXContainerItemProxy */;
		};
/* End PBXTargetDependency section */

/* Begin PBXVariantGroup section */
		74BEC28C165EE4FD0007763D /* InfoPlist.strings */ = {
			isa = PBXVariantGroup;
			children = (
				74BEC28D165EE4FD0007763D /* en */,
			);
			name = InfoPlist.strings;
			sourceTree = "<group>";
		};
		74ED324D16629046002F3B2D /* InfoPlist.strings */ = {
			isa = PBXVariantGroup;
			children = (
				74ED324E16629046002F3B2D /* en */,
			);
			name = InfoPlist.strings;
			sourceTree = "<group>";
		};
/* End PBXVariantGroup section */

/* Begin XCBuildConfiguration section */
		74BEC275165ED4120007763D /* Debug */ = {
			isa = XCBuildConfiguration;
			buildSettings = {
				ALWAYS_SEARCH_USER_PATHS = NO;
				CLANG_CXX_LANGUAGE_STANDARD = "gnu++0x";
				CLANG_CXX_LIBRARY = "libc++";
				CLANG_WARN_EMPTY_BODY = YES;
				CLANG_WARN__DUPLICATE_METHOD_MATCH = YES;
				COPY_PHASE_STRIP = NO;
				GCC_C_LANGUAGE_STANDARD = gnu99;
				GCC_DYNAMIC_NO_PIC = NO;
				GCC_OPTIMIZATION_LEVEL = 0;
				GCC_PREPROCESSOR_DEFINITIONS = (
					"DEBUG=1",
					"$(inherited)",
				);
				GCC_SYMBOLS_PRIVATE_EXTERN = NO;
				GCC_WARN_ABOUT_RETURN_TYPE = YES;
				GCC_WARN_UNINITIALIZED_AUTOS = YES;
				GCC_WARN_UNUSED_VARIABLE = YES;
				IPHONEOS_DEPLOYMENT_TARGET = 6.0;
				ONLY_ACTIVE_ARCH = YES;
				SDKROOT = iphoneos;
			};
			name = Debug;
		};
		74BEC276165ED4120007763D /* Release */ = {
			isa = XCBuildConfiguration;
			buildSettings = {
				ALWAYS_SEARCH_USER_PATHS = NO;
				CLANG_CXX_LANGUAGE_STANDARD = "gnu++0x";
				CLANG_CXX_LIBRARY = "libc++";
				CLANG_WARN_EMPTY_BODY = YES;
				CLANG_WARN__DUPLICATE_METHOD_MATCH = YES;
				COPY_PHASE_STRIP = YES;
				GCC_C_LANGUAGE_STANDARD = gnu99;
				GCC_WARN_ABOUT_RETURN_TYPE = YES;
				GCC_WARN_UNINITIALIZED_AUTOS = YES;
				GCC_WARN_UNUSED_VARIABLE = YES;
				IPHONEOS_DEPLOYMENT_TARGET = 6.0;
				SDKROOT = iphoneos;
				VALIDATE_PRODUCT = YES;
			};
			name = Release;
		};
		74BEC278165ED4120007763D /* Debug */ = {
			isa = XCBuildConfiguration;
			buildSettings = {
				DSTROOT = /tmp/CachedImage.dst;
				GCC_PRECOMPILE_PREFIX_HEADER = YES;
				GCC_PREFIX_HEADER = "CachedImage/CachedImage-Prefix.pch";
				OTHER_LDFLAGS = "-ObjC";
				PRODUCT_NAME = "$(TARGET_NAME)";
				SKIP_INSTALL = YES;
			};
			name = Debug;
		};
		74BEC279165ED4120007763D /* Release */ = {
			isa = XCBuildConfiguration;
			buildSettings = {
				DSTROOT = /tmp/CachedImage.dst;
				GCC_PRECOMPILE_PREFIX_HEADER = YES;
				GCC_PREFIX_HEADER = "CachedImage/CachedImage-Prefix.pch";
				OTHER_LDFLAGS = "-ObjC";
				PRODUCT_NAME = "$(TARGET_NAME)";
				SKIP_INSTALL = YES;
			};
			name = Release;
		};
		74BEC294165EE4FD0007763D /* Debug */ = {
			isa = XCBuildConfiguration;
			buildSettings = {
				FRAMEWORK_SEARCH_PATHS = (
					"\"$(SDKROOT)/Developer/Library/Frameworks\"",
					"\"$(DEVELOPER_LIBRARY_DIR)/Frameworks\"",
				);
				GCC_PRECOMPILE_PREFIX_HEADER = YES;
				GCC_PREFIX_HEADER = "Cacheing Tests/Cacheing Tests-Prefix.pch";
				INFOPLIST_FILE = "Cacheing Tests/Cacheing Tests-Info.plist";
				PRODUCT_NAME = "$(TARGET_NAME)";
				WRAPPER_EXTENSION = octest;
			};
			name = Debug;
		};
		74BEC295165EE4FD0007763D /* Release */ = {
			isa = XCBuildConfiguration;
			buildSettings = {
				FRAMEWORK_SEARCH_PATHS = (
					"\"$(SDKROOT)/Developer/Library/Frameworks\"",
					"\"$(DEVELOPER_LIBRARY_DIR)/Frameworks\"",
				);
				GCC_PRECOMPILE_PREFIX_HEADER = YES;
				GCC_PREFIX_HEADER = "Cacheing Tests/Cacheing Tests-Prefix.pch";
				INFOPLIST_FILE = "Cacheing Tests/Cacheing Tests-Info.plist";
				PRODUCT_NAME = "$(TARGET_NAME)";
				WRAPPER_EXTENSION = octest;
			};
			name = Release;
		};
		74ED325216629046002F3B2D /* Debug */ = {
			isa = XCBuildConfiguration;
			buildSettings = {
				ARCHS = "$(ARCHS_STANDARD_32_BIT)";
				COMBINE_HIDPI_IMAGES = YES;
				GCC_ENABLE_OBJC_EXCEPTIONS = YES;
				GCC_PRECOMPILE_PREFIX_HEADER = YES;
				GCC_PREFIX_HEADER = "Dummy Bundle/Dummy Bundle-Prefix.pch";
				GCC_WARN_64_TO_32_BIT_CONVERSION = YES;
				INFOPLIST_FILE = "Dummy Bundle/Dummy Bundle-Info.plist";
				INSTALL_PATH = "$(LOCAL_LIBRARY_DIR)/Bundles";
				MACOSX_DEPLOYMENT_TARGET = 10.8;
				PRODUCT_NAME = "$(TARGET_NAME)";
				SDKROOT = iphoneos;
				WRAPPER_EXTENSION = bundle;
			};
			name = Debug;
		};
		74ED325316629046002F3B2D /* Release */ = {
			isa = XCBuildConfiguration;
			buildSettings = {
				ARCHS = "$(ARCHS_STANDARD_32_BIT)";
				COMBINE_HIDPI_IMAGES = YES;
				DEBUG_INFORMATION_FORMAT = "dwarf-with-dsym";
				GCC_ENABLE_OBJC_EXCEPTIONS = YES;
				GCC_PRECOMPILE_PREFIX_HEADER = YES;
				GCC_PREFIX_HEADER = "Dummy Bundle/Dummy Bundle-Prefix.pch";
				GCC_WARN_64_TO_32_BIT_CONVERSION = YES;
				INFOPLIST_FILE = "Dummy Bundle/Dummy Bundle-Info.plist";
				INSTALL_PATH = "$(LOCAL_LIBRARY_DIR)/Bundles";
				MACOSX_DEPLOYMENT_TARGET = 10.8;
				PRODUCT_NAME = "$(TARGET_NAME)";
				SDKROOT = iphoneos;
				WRAPPER_EXTENSION = bundle;
			};
			name = Release;
		};
/* End XCBuildConfiguration section */

/* Begin XCConfigurationList section */
		74BEC263165ED4120007763D /* Build configuration list for PBXProject "CachedImage" */ = {
			isa = XCConfigurationList;
			buildConfigurations = (
				74BEC275165ED4120007763D /* Debug */,
				74BEC276165ED4120007763D /* Release */,
			);
			defaultConfigurationIsVisible = 0;
			defaultConfigurationName = Release;
		};
		74BEC277165ED4120007763D /* Build configuration list for PBXNativeTarget "CachedImage" */ = {
			isa = XCConfigurationList;
			buildConfigurations = (
				74BEC278165ED4120007763D /* Debug */,
				74BEC279165ED4120007763D /* Release */,
			);
			defaultConfigurationIsVisible = 0;
			defaultConfigurationName = Release;
		};
		74BEC293165EE4FD0007763D /* Build configuration list for PBXNativeTarget "Cacheing Tests" */ = {
			isa = XCConfigurationList;
			buildConfigurations = (
				74BEC294165EE4FD0007763D /* Debug */,
				74BEC295165EE4FD0007763D /* Release */,
			);
			defaultConfigurationIsVisible = 0;
			defaultConfigurationName = Release;
		};
		74ED325116629046002F3B2D /* Build configuration list for PBXNativeTarget "Dummy Bundle" */ = {
			isa = XCConfigurationList;
			buildConfigurations = (
				74ED325216629046002F3B2D /* Debug */,
				74ED325316629046002F3B2D /* Release */,
			);
			defaultConfigurationIsVisible = 0;
		};
/* End XCConfigurationList section */
	};
	rootObject = 74BEC260165ED4120007763D /* Project object */;
}
