// !$*UTF8*$!
{
	archiveVersion = 1;
	classes = {
	};
	objectVersion = 46;
	objects = {

/* Begin PBXBuildFile section */
		74BEC26D165ED4120007763D /* Foundation.framework in Frameworks */ = {isa = PBXBuildFile; fileRef = 74BEC26C165ED4120007763D /* Foundation.framework */; };
		74BEC272165ED4120007763D /* CachedImage.h in CopyFiles */ = {isa = PBXBuildFile; fileRef = 74BEC271165ED4120007763D /* CachedImage.h */; };
		74BEC274165ED4120007763D /* CachedImage.m in Sources */ = {isa = PBXBuildFile; fileRef = 74BEC273165ED4120007763D /* CachedImage.m */; };
/* End PBXBuildFile section */

/* Begin PBXCopyFilesBuildPhase section */
		74BEC267165ED4120007763D /* CopyFiles */ = {
			isa = PBXCopyFilesBuildPhase;
			buildActionMask = 2147483647;
			dstPath = "include/${PRODUCT_NAME}";
			dstSubfolderSpec = 16;
			files = (
				74BEC272165ED4120007763D /* CachedImage.h in CopyFiles */,
			);
			runOnlyForDeploymentPostprocessing = 0;
		};
/* End PBXCopyFilesBuildPhase section */

/* Begin PBXFileReference section */
		74BEC269165ED4120007763D /* libCachedImage.a */ = {isa = PBXFileReference; explicitFileType = archive.ar; includeInIndex = 0; path = libCachedImage.a; sourceTree = BUILT_PRODUCTS_DIR; };
		74BEC26C165ED4120007763D /* Foundation.framework */ = {isa = PBXFileReference; lastKnownFileType = wrapper.framework; name = Foundation.framework; path = System/Library/Frameworks/Foundation.framework; sourceTree = SDKROOT; };
		74BEC270165ED4120007763D /* CachedImage-Prefix.pch */ = {isa = PBXFileReference; lastKnownFileType = sourcecode.c.h; path = "CachedImage-Prefix.pch"; sourceTree = "<group>"; };
		74BEC271165ED4120007763D /* CachedImage.h */ = {isa = PBXFileReference; lastKnownFileType = sourcecode.c.h; path = CachedImage.h; sourceTree = "<group>"; };
		74BEC273165ED4120007763D /* CachedImage.m */ = {isa = PBXFileReference; lastKnownFileType = sourcecode.c.objc; path = CachedImage.m; sourceTree = "<group>"; };
/* End PBXFileReference section */

/* Begin PBXFrameworksBuildPhase section */
		74BEC266165ED4120007763D /* Frameworks */ = {
			isa = PBXFrameworksBuildPhase;
			buildActionMask = 2147483647;
			files = (
				74BEC26D165ED4120007763D /* Foundation.framework in Frameworks */,
			);
			runOnlyForDeploymentPostprocessing = 0;
		};
/* End PBXFrameworksBuildPhase section */

/* Begin PBXGroup section */
		74BEC25E165ED4120007763D = {
			isa = PBXGroup;
			children = (
				74BEC26E165ED4120007763D /* CachedImage */,
				74BEC26B165ED4120007763D /* Frameworks */,
				74BEC26A165ED4120007763D /* Products */,
			);
			sourceTree = "<group>";
		};
		74BEC26A165ED4120007763D /* Products */ = {
			isa = PBXGroup;
			children = (
				74BEC269165ED4120007763D /* libCachedImage.a */,
			);
			name = Products;
			sourceTree = "<group>";
		};
		74BEC26B165ED4120007763D /* Frameworks */ = {
			isa = PBXGroup;
			children = (
				74BEC26C165ED4120007763D /* Foundation.framework */,
			);
			name = Frameworks;
			sourceTree = "<group>";
		};
		74BEC26E165ED4120007763D /* CachedImage */ = {
			isa = PBXGroup;
			children = (
				74BEC271165ED4120007763D /* CachedImage.h */,
				74BEC273165ED4120007763D /* CachedImage.m */,
				74BEC26F165ED4120007763D /* Supporting Files */,
			);
			path = CachedImage;
			sourceTree = "<group>";
		};
		74BEC26F165ED4120007763D /* Supporting Files */ = {
			isa = PBXGroup;
			children = (
				74BEC270165ED4120007763D /* CachedImage-Prefix.pch */,
			);
			name = "Supporting Files";
			sourceTree = "<group>";
		};
/* End PBXGroup section */

/* Begin PBXNativeTarget section */
		74BEC268165ED4120007763D /* CachedImage */ = {
			isa = PBXNativeTarget;
			buildConfigurationList = 74BEC277165ED4120007763D /* Build configuration list for PBXNativeTarget "CachedImage" */;
			buildPhases = (
				74BEC265165ED4120007763D /* Sources */,
				74BEC266165ED4120007763D /* Frameworks */,
				74BEC267165ED4120007763D /* CopyFiles */,
			);
			buildRules = (
			);
			dependencies = (
			);
			name = CachedImage;
			productName = CachedImage;
			productReference = 74BEC269165ED4120007763D /* libCachedImage.a */;
			productType = "com.apple.product-type.library.static";
		};
/* End PBXNativeTarget section */

/* Begin PBXProject section */
		74BEC260165ED4120007763D /* Project object */ = {
			isa = PBXProject;
			attributes = {
				LastUpgradeCheck = 0450;
				ORGANIZATIONNAME = "Daniel Demiss";
			};
			buildConfigurationList = 74BEC263165ED4120007763D /* Build configuration list for PBXProject "CachedImage" */;
			compatibilityVersion = "Xcode 3.2";
			developmentRegion = English;
			hasScannedForEncodings = 0;
			knownRegions = (
				en,
			);
			mainGroup = 74BEC25E165ED4120007763D;
			productRefGroup = 74BEC26A165ED4120007763D /* Products */;
			projectDirPath = "";
			projectRoot = "";
			targets = (
				74BEC268165ED4120007763D /* CachedImage */,
			);
		};
/* End PBXProject section */

/* Begin PBXSourcesBuildPhase section */
		74BEC265165ED4120007763D /* Sources */ = {
			isa = PBXSourcesBuildPhase;
			buildActionMask = 2147483647;
			files = (
				74BEC274165ED4120007763D /* CachedImage.m in Sources */,
			);
			runOnlyForDeploymentPostprocessing = 0;
		};
/* End PBXSourcesBuildPhase section */

/* Begin XCBuildConfiguration section */
		74BEC275165ED4120007763D /* Debug */ = {
			isa = XCBuildConfiguration;
			buildSettings = {
				ALWAYS_SEARCH_USER_PATHS = NO;
				CLANG_CXX_LANGUAGE_STANDARD = "gnu++0x";
				CLANG_CXX_LIBRARY = "libc++";
				CLANG_WARN_EMPTY_BODY = YES;
				CLANG_WARN__DUPLICATE_METHOD_MATCH = YES;
				COPY_PHASE_STRIP = NO;
				GCC_C_LANGUAGE_STANDARD = gnu99;
				GCC_DYNAMIC_NO_PIC = NO;
				GCC_OPTIMIZATION_LEVEL = 0;
				GCC_PREPROCESSOR_DEFINITIONS = (
					"DEBUG=1",
					"$(inherited)",
				);
				GCC_SYMBOLS_PRIVATE_EXTERN = NO;
				GCC_WARN_ABOUT_RETURN_TYPE = YES;
				GCC_WARN_UNINITIALIZED_AUTOS = YES;
				GCC_WARN_UNUSED_VARIABLE = YES;
				IPHONEOS_DEPLOYMENT_TARGET = 6.0;
				ONLY_ACTIVE_ARCH = YES;
				SDKROOT = iphoneos;
			};
			name = Debug;
		};
		74BEC276165ED4120007763D /* Release */ = {
			isa = XCBuildConfiguration;
			buildSettings = {
				ALWAYS_SEARCH_USER_PATHS = NO;
				CLANG_CXX_LANGUAGE_STANDARD = "gnu++0x";
				CLANG_CXX_LIBRARY = "libc++";
				CLANG_WARN_EMPTY_BODY = YES;
				CLANG_WARN__DUPLICATE_METHOD_MATCH = YES;
				COPY_PHASE_STRIP = YES;
				GCC_C_LANGUAGE_STANDARD = gnu99;
				GCC_WARN_ABOUT_RETURN_TYPE = YES;
				GCC_WARN_UNINITIALIZED_AUTOS = YES;
				GCC_WARN_UNUSED_VARIABLE = YES;
				IPHONEOS_DEPLOYMENT_TARGET = 6.0;
				SDKROOT = iphoneos;
				VALIDATE_PRODUCT = YES;
			};
			name = Release;
		};
		74BEC278165ED4120007763D /* Debug */ = {
			isa = XCBuildConfiguration;
			buildSettings = {
				DSTROOT = /tmp/CachedImage.dst;
				GCC_PRECOMPILE_PREFIX_HEADER = YES;
				GCC_PREFIX_HEADER = "CachedImage/CachedImage-Prefix.pch";
				OTHER_LDFLAGS = "-ObjC";
				PRODUCT_NAME = "$(TARGET_NAME)";
				SKIP_INSTALL = YES;
			};
			name = Debug;
		};
		74BEC279165ED4120007763D /* Release */ = {
			isa = XCBuildConfiguration;
			buildSettings = {
				DSTROOT = /tmp/CachedImage.dst;
				GCC_PRECOMPILE_PREFIX_HEADER = YES;
				GCC_PREFIX_HEADER = "CachedImage/CachedImage-Prefix.pch";
				OTHER_LDFLAGS = "-ObjC";
				PRODUCT_NAME = "$(TARGET_NAME)";
				SKIP_INSTALL = YES;
			};
			name = Release;
		};
/* End XCBuildConfiguration section */

/* Begin XCConfigurationList section */
		74BEC263165ED4120007763D /* Build configuration list for PBXProject "CachedImage" */ = {
			isa = XCConfigurationList;
			buildConfigurations = (
				74BEC275165ED4120007763D /* Debug */,
				74BEC276165ED4120007763D /* Release */,
			);
			defaultConfigurationIsVisible = 0;
			defaultConfigurationName = Release;
		};
		74BEC277165ED4120007763D /* Build configuration list for PBXNativeTarget "CachedImage" */ = {
			isa = XCConfigurationList;
			buildConfigurations = (
				74BEC278165ED4120007763D /* Debug */,
				74BEC279165ED4120007763D /* Release */,
			);
			defaultConfigurationIsVisible = 0;
		};
/* End XCConfigurationList section */
	};
	rootObject = 74BEC260165ED4120007763D /* Project object */;
}
